
Microsoft Visual Studio Solution File, Format Version 12.00
# Visual Studio Version 17
VisualStudioVersion = 17.7.34031.279
MinimumVisualStudioVersion = 10.0.40219.1
Project("{FAE04EC0-301F-11D3-BF4B-00C04F79EFBC}") = "NeonSignWPF", "NeonSignWPF\NeonSignWPF.csproj", "{2817837D-C0EF-40BA-A359-60E6ADA0994F}"
EndProject
Global
	GlobalSection(SolutionConfigurationPlatforms) = preSolution
		Debug|Any CPU = Debug|Any CPU
		Release|Any CPU = Release|Any CPU
	EndGlobalSection
	GlobalSection(ProjectConfigurationPlatforms) = postSolution
		{2817837D-C0EF-40BA-A359-60E6ADA0994F}.Debug|Any CPU.ActiveCfg = Debug|Any CPU
		{2817837D-C0EF-40BA-A359-60E6ADA0994F}.Debug|Any CPU.Build.0 = Debug|Any CPU
		{2817837D-C0EF-40BA-A359-60E6ADA0994F}.Release|Any CPU.ActiveCfg = Release|Any CPU
		{2817837D-C0EF-40BA-A359-60E6ADA0994F}.Release|Any CPU.Build.0 = Release|Any CPU
	EndGlobalSection
	GlobalSection(SolutionProperties) = preSolution
		HideSolutionNode = FALSE
	EndGlobalSection
	GlobalSection(ExtensibilityGlobals) = postSolution
		SolutionGuid = {C86C1282-B0D3-48CF-A113-E3699A5AF689}
	EndGlobalSection
EndGlobal
